{
  "lockfile_version": "1",
  "packages": {
    "cosign@latest": {
      "last_modified": "2024-02-01T15:59:28Z",
      "resolved": "github:NixOS/nixpkgs/f38bca1ca559974b36863d0ff4bb710b7bc12890#cosign",
      "source": "devbox-search",
      "version": "2.2.3",
      "systems": {
        "aarch64-darwin": {
          "store_path": "/nix/store/jk7grpsajq16y0zyqc6v4c8xspzdrf27-cosign-2.2.3"
        },
        "aarch64-linux": {
          "store_path": "/nix/store/2baqdwwhpxi8h55fc7ln2vkxyi3ap8xk-cosign-2.2.3"
        },
        "x86_64-darwin": {
          "store_path": "/nix/store/aw6q6yrq0c5rcpihxv8jxq7c9qkn5j8n-cosign-2.2.3"
        },
        "x86_64-linux": {
          "store_path": "/nix/store/khnjms2d4bppnsn1pcj4nzv7c0yjvnf7-cosign-2.2.3"
        }
      }
    },
    "dive@latest": {
      "last_modified": "2024-02-05T02:15:44Z",
      "resolved": "github:NixOS/nixpkgs/0a254180b4cad6be45aa46dce896bdb8db5d2930#dive",
      "source": "devbox-search",
      "version": "0.12.0",
      "systems": {
        "aarch64-darwin": {
          "store_path": "/nix/store/hf7zv9v0vvyzkrfjbpa0marxb557nj1w-dive-0.12.0"
        },
        "aarch64-linux": {
          "store_path": "/nix/store/zsb9q91hnk9bz74fy68zg53bjg7fpfdn-dive-0.12.0"
        },
        "x86_64-darwin": {
          "store_path": "/nix/store/ywhdcd7y5vpmm9ca9n26jfm5dcaf97mj-dive-0.12.0"
        },
        "x86_64-linux": {
          "store_path": "/nix/store/i0mwn6as83dfpxm9ns27bq5xg750w1s4-dive-0.12.0"
        }
      }
    },
    "docker@latest": {
      "last_modified": "2024-02-01T15:59:28Z",
      "resolved": "github:NixOS/nixpkgs/f38bca1ca559974b36863d0ff4bb710b7bc12890#docker",
      "source": "devbox-search",
      "version": "24.0.5",
      "systems": {
        "aarch64-darwin": {
          "store_path": "/nix/store/wvqrlsfz745bywbgj6bhxfw2w03hhdph-docker-24.0.5"
        },
        "aarch64-linux": {
          "store_path": "/nix/store/gjrr632msishzzbrjkqpf3qfpyixv8q8-docker-24.0.5"
        },
        "x86_64-darwin": {
          "store_path": "/nix/store/92xla9kyppim4m17qa2kbilswb1mlsma-docker-24.0.5"
        },
        "x86_64-linux": {
          "store_path": "/nix/store/7m4cfqi3g5lpr4ymc6z1cqfxcfcwa6a9-docker-24.0.5"
        }
      }
    },
    "fzf@latest": {
      "last_modified": "2024-02-26T19:46:43Z",
      "resolved": "github:NixOS/nixpkgs/548a86b335d7ecd8b57ec617781f5e652ab0c38e#fzf",
      "source": "devbox-search",
      "version": "0.46.1",
      "systems": {
        "aarch64-darwin": {
          "store_path": "/nix/store/0xsj4dagk96gr4jws3z1qw37hrb58mxr-fzf-0.46.1"
        },
        "aarch64-linux": {
          "store_path": "/nix/store/ikji6rcxav7njzgv1v69xhdb5niisnh3-fzf-0.46.1"
        },
        "x86_64-darwin": {
          "store_path": "/nix/store/fnv64cps9q5kaijzjcc64j7yiyiv6mc6-fzf-0.46.1"
        },
        "x86_64-linux": {
          "store_path": "/nix/store/38gcnaa4jk6c0f9s9bbfcrzh4xp8wrhz-fzf-0.46.1"
        }
      }
    },
    "gradle": {
      "plugin_version": "0.0.1",
      "resolved": "github:NixOS/nixpkgs/75a52265bda7fd25e06e3a67dee3f0354e73243c#gradle",
      "source": "nixpkg"
    },
    "httpie@latest": {
      "last_modified": "2024-01-27T14:55:31Z",
      "resolved": "github:NixOS/nixpkgs/160b762eda6d139ac10ae081f8f78d640dd523eb#httpie",
      "source": "devbox-search",
      "version": "3.2.2",
      "systems": {
        "aarch64-darwin": {
          "store_path": "/nix/store/nf5zhvqy940zxd841w08nr1nwh2lhq5v-python3.11-httpie-3.2.2"
        },
        "aarch64-linux": {
          "store_path": "/nix/store/rfzgp6h2m5bz8f5phssil1d9pi9gpp4a-python3.11-httpie-3.2.2"
        },
        "x86_64-darwin": {
          "store_path": "/nix/store/1q6rms6rh0irs2ghffbqyhcwd67rrzn7-python3.11-httpie-3.2.2"
        },
        "x86_64-linux": {
          "store_path": "/nix/store/qhz6b8nasc0ppkxsg5a3d3xaihld5qn4-python3.11-httpie-3.2.2"
        }
      }
    },
    "jetbrains.idea-community@latest": {
      "last_modified": "2024-01-27T14:55:31Z",
      "resolved": "github:NixOS/nixpkgs/160b762eda6d139ac10ae081f8f78d640dd523eb#jetbrains.idea-community",
      "source": "devbox-search",
      "version": "2023.3.2",
      "systems": {
        "x86_64-linux": {
          "store_path": "/nix/store/fqmm97zsq75qfmff1vk45nmd5ybvw9r6-idea-community-2023.3.2"
        }
      }
    },
    "jq@latest": {
      "last_modified": "2024-02-06T07:51:56Z",
      "resolved": "github:NixOS/nixpkgs/8cc79aa39bbc6eaedaf286ae655b224c71e02907#jq",
      "source": "devbox-search",
      "version": "1.7.1",
      "systems": {
        "aarch64-darwin": {
          "store_path": "/nix/store/krjssadaqd0yap4aqivw1g44qagsbkw9-jq-1.7.1-bin"
        },
        "aarch64-linux": {
          "store_path": "/nix/store/bw4jrkpyzznafspd3dgz8l57zq3qnjl1-jq-1.7.1-bin"
        },
        "x86_64-darwin": {
          "store_path": "/nix/store/r1q3ym6cxlhli7pzf8brm8h1m9x3pvx0-jq-1.7.1-bin"
        },
        "x86_64-linux": {
          "store_path": "/nix/store/43x59xa6fidzd9jys7jvhv66bjfjm4cp-jq-1.7.1-bin"
        }
      }
    },
    "k9s@latest": {
      "last_modified": "2024-02-26T19:46:43Z",
      "resolved": "github:NixOS/nixpkgs/548a86b335d7ecd8b57ec617781f5e652ab0c38e#k9s",
      "source": "devbox-search",
      "version": "0.31.9",
      "systems": {
        "aarch64-darwin": {
          "store_path": "/nix/store/0qkrm5y6z5vz605y60jv4gg2gx6axfry-k9s-0.31.9"
        },
        "aarch64-linux": {
          "store_path": "/nix/store/n6gh7rpac91c01jz0c7vzhswlh92v33p-k9s-0.31.9"
        },
        "x86_64-darwin": {
          "store_path": "/nix/store/wywn4q13kcd1ymrpm277dbjch4zf9rkn-k9s-0.31.9"
        },
        "x86_64-linux": {
          "store_path": "/nix/store/km2ac176jb7yg8ib4qanzmpjj6drb0rh-k9s-0.31.9"
        }
      }
    },
    "kn@latest": {
      "last_modified": "2024-01-27T14:55:31Z",
      "resolved": "github:NixOS/nixpkgs/160b762eda6d139ac10ae081f8f78d640dd523eb#kn",
      "source": "devbox-search",
      "version": "1.13.0",
      "systems": {
        "aarch64-darwin": {
          "store_path": "/nix/store/q7nw04zwf6bb66mpxg9ld12mp95kpfc1-kn-1.13.0"
        },
        "aarch64-linux": {
          "store_path": "/nix/store/b65s13gl8s46zfj6rvcc4kgdcqpjcm41-kn-1.13.0"
        },
        "x86_64-darwin": {
          "store_path": "/nix/store/qy31vxxsl4x3dkwd8lh576pygdiz8j7z-kn-1.13.0"
        },
        "x86_64-linux": {
          "store_path": "/nix/store/6nqfkryjnzjdsczs8qcwa99kcmch1i2x-kn-1.13.0"
        }
      }
    },
    "krew@latest": {
      "last_modified": "2024-02-26T19:46:43Z",
      "resolved": "github:NixOS/nixpkgs/548a86b335d7ecd8b57ec617781f5e652ab0c38e#krew",
      "source": "devbox-search",
      "version": "0.4.4",
      "systems": {
        "aarch64-darwin": {
          "store_path": "/nix/store/l2y6gad42916a1za47pjrjb7982ygl90-krew-0.4.4"
        },
        "aarch64-linux": {
          "store_path": "/nix/store/ygl6xfw00j8pmf6gflsqy848n50jh66a-krew-0.4.4"
        },
        "x86_64-darwin": {
          "store_path": "/nix/store/01vyv5g8n36yq7p70vx2qsaav3yn3biy-krew-0.4.4"
        },
        "x86_64-linux": {
          "store_path": "/nix/store/1i05dnb7v1fhnjiy7an2prgca1ai37c8-krew-0.4.4"
        }
      }
    },
    "postgresql_16@latest": {
      "last_modified": "2024-03-01T02:33:49Z",
      "plugin_version": "0.0.2",
      "resolved": "github:NixOS/nixpkgs/244ee5631a7a39b0c6bd989cdf9a1326cd3c5819#postgresql_16",
      "source": "devbox-search",
      "version": "16.2",
      "systems": {
        "aarch64-darwin": {
          "store_path": "/nix/store/fp45bmz0h718whqq6mwpzfyaq3fa5a7z-postgresql-16.2"
        },
        "aarch64-linux": {
          "store_path": "/nix/store/s2l432l5gjd3vj7b3cj6q8zgbnj9cixf-postgresql-16.2"
        },
        "x86_64-darwin": {
          "store_path": "/nix/store/xah397j0ras4iaddhmrxjrck1m1zkz2i-postgresql-16.2"
        },
        "x86_64-linux": {
          "store_path": "/nix/store/hj8qj7whdcvpfw4hrwwjm07hxfn7narr-postgresql-16.2"
        }
      }
    },
    "temurin-bin-21@latest": {
      "last_modified": "2024-01-27T14:55:31Z",
      "resolved": "github:NixOS/nixpkgs/160b762eda6d139ac10ae081f8f78d640dd523eb#temurin-bin-21",
      "source": "devbox-search",
      "version": "21.0.1",
      "systems": {
        "aarch64-linux": {
          "store_path": "/nix/store/sf339x4bxqxsbvjf381fpam57bwikwbx-temurin-bin-21.0.1"
        },
        "x86_64-linux": {
          "store_path": "/nix/store/7zl6g4njcgqmj39xc757xj7znxs55bf2-temurin-bin-21.0.1"
        }
      }
    },
    "tilt@latest": {
      "last_modified": "2024-02-01T15:59:28Z",
      "resolved": "github:NixOS/nixpkgs/f38bca1ca559974b36863d0ff4bb710b7bc12890#tilt",
      "source": "devbox-search",
      "version": "0.33.10",
      "systems": {
        "aarch64-darwin": {
          "store_path": "/nix/store/3kx7qf8fr1qx5f3xqwd9m3c97ky9bg7l-tilt-0.33.10"
        },
        "aarch64-linux": {
          "store_path": "/nix/store/cfkb2b5ai8j1p97rhiq2xin7zf79q27j-tilt-0.33.10"
        },
        "x86_64-darwin": {
          "store_path": "/nix/store/k3hxhsdfz1r604pwsh7c5jx6p8hnh1v3-tilt-0.33.10"
        },
        "x86_64-linux": {
          "store_path": "/nix/store/bv6p06cdr0bcg2x5lp0v0sg53lynm4h5-tilt-0.33.10"
        }
      }
    }
  }
}
